// !$*UTF8*$!
{
	archiveVersion = 1;
	classes = {
	};
	objectVersion = 50;
	objects = {

/* Begin PBXBuildFile section */
		37B50C7E2717154300C26E40 /* AppDelegate.swift in Sources */ = {isa = PBXBuildFile; fileRef = 37B50C7D2717154300C26E40 /* AppDelegate.swift */; };
		37B50C802717154300C26E40 /* SceneDelegate.swift in Sources */ = {isa = PBXBuildFile; fileRef = 37B50C7F2717154300C26E40 /* SceneDelegate.swift */; };
		37B50C822717154300C26E40 /* EmployeeViewController.swift in Sources */ = {isa = PBXBuildFile; fileRef = 37B50C812717154300C26E40 /* EmployeeViewController.swift */; };
		37B50C852717154300C26E40 /* Main.storyboard in Resources */ = {isa = PBXBuildFile; fileRef = 37B50C832717154300C26E40 /* Main.storyboard */; };
		37B50C872717154400C26E40 /* Assets.xcassets in Resources */ = {isa = PBXBuildFile; fileRef = 37B50C862717154400C26E40 /* Assets.xcassets */; };
		37B50C8A2717154400C26E40 /* LaunchScreen.storyboard in Resources */ = {isa = PBXBuildFile; fileRef = 37B50C882717154400C26E40 /* LaunchScreen.storyboard */; };
		37B50C9427171A1300C26E40 /* Employee.swift in Sources */ = {isa = PBXBuildFile; fileRef = 37B50C9327171A1300C26E40 /* Employee.swift */; };
		37B50C9D271733E500C26E40 /* EmployeeViewModel.swift in Sources */ = {isa = PBXBuildFile; fileRef = 37B50C9C271733E500C26E40 /* EmployeeViewModel.swift */; };
/* End PBXBuildFile section */

/* Begin PBXFileReference section */
		37B50C7A2717154300C26E40 /* Empleado.app */ = {isa = PBXFileReference; explicitFileType = wrapper.application; includeInIndex = 0; path = Empleado.app; sourceTree = BUILT_PRODUCTS_DIR; };
		37B50C7D2717154300C26E40 /* AppDelegate.swift */ = {isa = PBXFileReference; lastKnownFileType = sourcecode.swift; path = AppDelegate.swift; sourceTree = "<group>"; };
		37B50C7F2717154300C26E40 /* SceneDelegate.swift */ = {isa = PBXFileReference; lastKnownFileType = sourcecode.swift; path = SceneDelegate.swift; sourceTree = "<group>"; };
		37B50C812717154300C26E40 /* EmployeeViewController.swift */ = {isa = PBXFileReference; lastKnownFileType = sourcecode.swift; path = EmployeeViewController.swift; sourceTree = "<group>"; };
		37B50C842717154300C26E40 /* Base */ = {isa = PBXFileReference; lastKnownFileType = file.storyboard; name = Base; path = Base.lproj/Main.storyboard; sourceTree = "<group>"; };
		37B50C862717154400C26E40 /* Assets.xcassets */ = {isa = PBXFileReference; lastKnownFileType = folder.assetcatalog; path = Assets.xcassets; sourceTree = "<group>"; };
		37B50C892717154400C26E40 /* Base */ = {isa = PBXFileReference; lastKnownFileType = file.storyboard; name = Base; path = Base.lproj/LaunchScreen.storyboard; sourceTree = "<group>"; };
		37B50C8B2717154400C26E40 /* Info.plist */ = {isa = PBXFileReference; lastKnownFileType = text.plist.xml; path = Info.plist; sourceTree = "<group>"; };
		37B50C9327171A1300C26E40 /* Employee.swift */ = {isa = PBXFileReference; lastKnownFileType = sourcecode.swift; path = Employee.swift; sourceTree = "<group>"; };
		37B50C9C271733E500C26E40 /* EmployeeViewModel.swift */ = {isa = PBXFileReference; lastKnownFileType = sourcecode.swift; path = EmployeeViewModel.swift; sourceTree = "<group>"; };
/* End PBXFileReference section */

/* Begin PBXFrameworksBuildPhase section */
		37B50C772717154300C26E40 /* Frameworks */ = {
			isa = PBXFrameworksBuildPhase;
			buildActionMask = 2147483647;
			files = (
			);
			runOnlyForDeploymentPostprocessing = 0;
		};
/* End PBXFrameworksBuildPhase section */

/* Begin PBXGroup section */
		37B50C712717154300C26E40 = {
			isa = PBXGroup;
			children = (
				37B50C7C2717154300C26E40 /* Empleado */,
				37B50C7B2717154300C26E40 /* Products */,
			);
			sourceTree = "<group>";
		};
		37B50C7B2717154300C26E40 /* Products */ = {
			isa = PBXGroup;
			children = (
				37B50C7A2717154300C26E40 /* Empleado.app */,
			);
			name = Products;
			sourceTree = "<group>";
		};
		37B50C7C2717154300C26E40 /* Empleado */ = {
			isa = PBXGroup;
			children = (
				37B50C992717337600C26E40 /* Common */,
				37B50C982717335C00C26E40 /* EmployeeView */,
				37B50C7D2717154300C26E40 /* AppDelegate.swift */,
				37B50C7F2717154300C26E40 /* SceneDelegate.swift */,
				37B50C862717154400C26E40 /* Assets.xcassets */,
				37B50C882717154400C26E40 /* LaunchScreen.storyboard */,
				37B50C8B2717154400C26E40 /* Info.plist */,
			);
			path = Empleado;
			sourceTree = "<group>";
		};
		37B50C982717335C00C26E40 /* EmployeeView */ = {
			isa = PBXGroup;
			children = (
				37B50C9C271733E500C26E40 /* EmployeeViewModel.swift */,
				37B50C812717154300C26E40 /* EmployeeViewController.swift */,
				37B50C832717154300C26E40 /* Main.storyboard */,
			);
			path = EmployeeView;
			sourceTree = "<group>";
		};
		37B50C992717337600C26E40 /* Common */ = {
			isa = PBXGroup;
			children = (
				37B50C9A2717337C00C26E40 /* Models */,
			);
			path = Common;
			sourceTree = "<group>";
		};
		37B50C9A2717337C00C26E40 /* Models */ = {
			isa = PBXGroup;
			children = (
				37B50C9327171A1300C26E40 /* Employee.swift */,
			);
			path = Models;
			sourceTree = "<group>";
		};
/* End PBXGroup section */

/* Begin PBXNativeTarget section */
		37B50C792717154300C26E40 /* Empleado */ = {
			isa = PBXNativeTarget;
			buildConfigurationList = 37B50C8E2717154400C26E40 /* Build configuration list for PBXNativeTarget "Empleado" */;
			buildPhases = (
				37B50C762717154300C26E40 /* Sources */,
				37B50C772717154300C26E40 /* Frameworks */,
				37B50C782717154300C26E40 /* Resources */,
			);
			buildRules = (
			);
			dependencies = (
			);
			name = Empleado;
			productName = Empleado;
			productReference = 37B50C7A2717154300C26E40 /* Empleado.app */;
			productType = "com.apple.product-type.application";
		};
/* End PBXNativeTarget section */

/* Begin PBXProject section */
		37B50C722717154300C26E40 /* Project object */ = {
			isa = PBXProject;
			attributes = {
				LastSwiftUpdateCheck = 1240;
				LastUpgradeCheck = 1240;
				TargetAttributes = {
					37B50C792717154300C26E40 = {
						CreatedOnToolsVersion = 12.4;
					};
				};
			};
			buildConfigurationList = 37B50C752717154300C26E40 /* Build configuration list for PBXProject "Empleado" */;
			compatibilityVersion = "Xcode 9.3";
			developmentRegion = en;
			hasScannedForEncodings = 0;
			knownRegions = (
				en,
				Base,
			);
			mainGroup = 37B50C712717154300C26E40;
			productRefGroup = 37B50C7B2717154300C26E40 /* Products */;
			projectDirPath = "";
			projectRoot = "";
			targets = (
				37B50C792717154300C26E40 /* Empleado */,
			);
		};
/* End PBXProject section */

/* Begin PBXResourcesBuildPhase section */
		37B50C782717154300C26E40 /* Resources */ = {
			isa = PBXResourcesBuildPhase;
			buildActionMask = 2147483647;
			files = (
				37B50C8A2717154400C26E40 /* LaunchScreen.storyboard in Resources */,
				37B50C872717154400C26E40 /* Assets.xcassets in Resources */,
				37B50C852717154300C26E40 /* Main.storyboard in Resources */,
			);
			runOnlyForDeploymentPostprocessing = 0;
		};
/* End PBXResourcesBuildPhase section */

/* Begin PBXSourcesBuildPhase section */
		37B50C762717154300C26E40 /* Sources */ = {
			isa = PBXSourcesBuildPhase;
			buildActionMask = 2147483647;
			files = (
				37B50C9427171A1300C26E40 /* Employee.swift in Sources */,
				37B50C822717154300C26E40 /* EmployeeViewController.swift in Sources */,
				37B50C7E2717154300C26E40 /* AppDelegate.swift in Sources */,
				37B50C9D271733E500C26E40 /* EmployeeViewModel.swift in Sources */,
				37B50C802717154300C26E40 /* SceneDelegate.swift in Sources */,
			);
			runOnlyForDeploymentPostprocessing = 0;
		};
/* End PBXSourcesBuildPhase section */

/* Begin PBXVariantGroup section */
		37B50C832717154300C26E40 /* Main.storyboard */ = {
			isa = PBXVariantGroup;
			children = (
				37B50C842717154300C26E40 /* Base */,
			);
			name = Main.storyboard;
			sourceTree = "<group>";
		};
		37B50C882717154400C26E40 /* LaunchScreen.storyboard */ = {
			isa = PBXVariantGroup;
			children = (
				37B50C892717154400C26E40 /* Base */,
			);
			name = LaunchScreen.storyboard;
			sourceTree = "<group>";
		};
/* End PBXVariantGroup section */

/* Begin XCBuildConfiguration section */
		37B50C8C2717154400C26E40 /* Debug */ = {
			isa = XCBuildConfiguration;
			buildSettings = {
				ALWAYS_SEARCH_USER_PATHS = NO;
				CLANG_ANALYZER_NONNULL = YES;
				CLANG_ANALYZER_NUMBER_OBJECT_CONVERSION = YES_AGGRESSIVE;
				CLANG_CXX_LANGUAGE_STANDARD = "gnu++14";
				CLANG_CXX_LIBRARY = "libc++";
				CLANG_ENABLE_MODULES = YES;
				CLANG_ENABLE_OBJC_ARC = YES;
				CLANG_ENABLE_OBJC_WEAK = YES;
				CLANG_WARN_BLOCK_CAPTURE_AUTORELEASING = YES;
				CLANG_WARN_BOOL_CONVERSION = YES;
				CLANG_WARN_COMMA = YES;
				CLANG_WARN_CONSTANT_CONVERSION = YES;
				CLANG_WARN_DEPRECATED_OBJC_IMPLEMENTATIONS = YES;
				CLANG_WARN_DIRECT_OBJC_ISA_USAGE = YES_ERROR;
				CLANG_WARN_DOCUMENTATION_COMMENTS = YES;
				CLANG_WARN_EMPTY_BODY = YES;
				CLANG_WARN_ENUM_CONVERSION = YES;
				CLANG_WARN_INFINITE_RECURSION = YES;
				CLANG_WARN_INT_CONVERSION = YES;
				CLANG_WARN_NON_LITERAL_NULL_CONVERSION = YES;
				CLANG_WARN_OBJC_IMPLICIT_RETAIN_SELF = YES;
				CLANG_WARN_OBJC_LITERAL_CONVERSION = YES;
				CLANG_WARN_OBJC_ROOT_CLASS = YES_ERROR;
				CLANG_WARN_QUOTED_INCLUDE_IN_FRAMEWORK_HEADER = YES;
				CLANG_WARN_RANGE_LOOP_ANALYSIS = YES;
				CLANG_WARN_STRICT_PROTOTYPES = YES;
				CLANG_WARN_SUSPICIOUS_MOVE = YES;
				CLANG_WARN_UNGUARDED_AVAILABILITY = YES_AGGRESSIVE;
				CLANG_WARN_UNREACHABLE_CODE = YES;
				CLANG_WARN__DUPLICATE_METHOD_MATCH = YES;
				COPY_PHASE_STRIP = NO;
				DEBUG_INFORMATION_FORMAT = dwarf;
				ENABLE_STRICT_OBJC_MSGSEND = YES;
				ENABLE_TESTABILITY = YES;
				GCC_C_LANGUAGE_STANDARD = gnu11;
				GCC_DYNAMIC_NO_PIC = NO;
				GCC_NO_COMMON_BLOCKS = YES;
				GCC_OPTIMIZATION_LEVEL = 0;
				GCC_PREPROCESSOR_DEFINITIONS = (
					"DEBUG=1",
					"$(inherited)",
				);
				GCC_WARN_64_TO_32_BIT_CONVERSION = YES;
				GCC_WARN_ABOUT_RETURN_TYPE = YES_ERROR;
				GCC_WARN_UNDECLARED_SELECTOR = YES;
				GCC_WARN_UNINITIALIZED_AUTOS = YES_AGGRESSIVE;
				GCC_WARN_UNUSED_FUNCTION = YES;
				GCC_WARN_UNUSED_VARIABLE = YES;
				IPHONEOS_DEPLOYMENT_TARGET = 14.4;
				MTL_ENABLE_DEBUG_INFO = INCLUDE_SOURCE;
				MTL_FAST_MATH = YES;
				ONLY_ACTIVE_ARCH = YES;
				SDKROOT = iphoneos;
				SWIFT_ACTIVE_COMPILATION_CONDITIONS = DEBUG;
				SWIFT_OPTIMIZATION_LEVEL = "-Onone";
			};
			name = Debug;
		};
		37B50C8D2717154400C26E40 /* Release */ = {
			isa = XCBuildConfiguration;
			buildSettings = {
				ALWAYS_SEARCH_USER_PATHS = NO;
				CLANG_ANALYZER_NONNULL = YES;
				CLANG_ANALYZER_NUMBER_OBJECT_CONVERSION = YES_AGGRESSIVE;
				CLANG_CXX_LANGUAGE_STANDARD = "gnu++14";
				CLANG_CXX_LIBRARY = "libc++";
				CLANG_ENABLE_MODULES = YES;
				CLANG_ENABLE_OBJC_ARC = YES;
				CLANG_ENABLE_OBJC_WEAK = YES;
				CLANG_WARN_BLOCK_CAPTURE_AUTORELEASING = YES;
				CLANG_WARN_BOOL_CONVERSION = YES;
				CLANG_WARN_COMMA = YES;
				CLANG_WARN_CONSTANT_CONVERSION = YES;
				CLANG_WARN_DEPRECATED_OBJC_IMPLEMENTATIONS = YES;
				CLANG_WARN_DIRECT_OBJC_ISA_USAGE = YES_ERROR;
				CLANG_WARN_DOCUMENTATION_COMMENTS = YES;
				CLANG_WARN_EMPTY_BODY = YES;
				CLANG_WARN_ENUM_CONVERSION = YES;
				CLANG_WARN_INFINITE_RECURSION = YES;
				CLANG_WARN_INT_CONVERSION = YES;
				CLANG_WARN_NON_LITERAL_NULL_CONVERSION = YES;
				CLANG_WARN_OBJC_IMPLICIT_RETAIN_SELF = YES;
				CLANG_WARN_OBJC_LITERAL_CONVERSION = YES;
				CLANG_WARN_OBJC_ROOT_CLASS = YES_ERROR;
				CLANG_WARN_QUOTED_INCLUDE_IN_FRAMEWORK_HEADER = YES;
				CLANG_WARN_RANGE_LOOP_ANALYSIS = YES;
				CLANG_WARN_STRICT_PROTOTYPES = YES;
				CLANG_WARN_SUSPICIOUS_MOVE = YES;
				CLANG_WARN_UNGUARDED_AVAILABILITY = YES_AGGRESSIVE;
				CLANG_WARN_UNREACHABLE_CODE = YES;
				CLANG_WARN__DUPLICATE_METHOD_MATCH = YES;
				COPY_PHASE_STRIP = NO;
				DEBUG_INFORMATION_FORMAT = "dwarf-with-dsym";
				ENABLE_NS_ASSERTIONS = NO;
				ENABLE_STRICT_OBJC_MSGSEND = YES;
				GCC_C_LANGUAGE_STANDARD = gnu11;
				GCC_NO_COMMON_BLOCKS = YES;
				GCC_WARN_64_TO_32_BIT_CONVERSION = YES;
				GCC_WARN_ABOUT_RETURN_TYPE = YES_ERROR;
				GCC_WARN_UNDECLARED_SELECTOR = YES;
				GCC_WARN_UNINITIALIZED_AUTOS = YES_AGGRESSIVE;
				GCC_WARN_UNUSED_FUNCTION = YES;
				GCC_WARN_UNUSED_VARIABLE = YES;
				IPHONEOS_DEPLOYMENT_TARGET = 14.4;
				MTL_ENABLE_DEBUG_INFO = NO;
				MTL_FAST_MATH = YES;
				SDKROOT = iphoneos;
				SWIFT_COMPILATION_MODE = wholemodule;
				SWIFT_OPTIMIZATION_LEVEL = "-O";
				VALIDATE_PRODUCT = YES;
			};
			name = Release;
		};
		37B50C8F2717154400C26E40 /* Debug */ = {
			isa = XCBuildConfiguration;
			buildSettings = {
				ASSETCATALOG_COMPILER_APPICON_NAME = AppIcon;
				ASSETCATALOG_COMPILER_GLOBAL_ACCENT_COLOR_NAME = AccentColor;
				CODE_SIGN_STYLE = Automatic;
				DEVELOPMENT_TEAM = 99TADKV35U;
				INFOPLIST_FILE = Empleado/Info.plist;
				LD_RUNPATH_SEARCH_PATHS = (
					"$(inherited)",
					"@executable_path/Frameworks",
				);
				PRODUCT_BUNDLE_IDENTIFIER = iam.Empleado;
				PRODUCT_NAME = "$(TARGET_NAME)";
				SWIFT_VERSION = 5.0;
				TARGETED_DEVICE_FAMILY = 1;
			};
			name = Debug;
		};
		37B50C902717154400C26E40 /* Release */ = {
			isa = XCBuildConfiguration;
			buildSettings = {
				ASSETCATALOG_COMPILER_APPICON_NAME = AppIcon;
				ASSETCATALOG_COMPILER_GLOBAL_ACCENT_COLOR_NAME = AccentColor;
				CODE_SIGN_STYLE = Automatic;
				DEVELOPMENT_TEAM = 99TADKV35U;
				INFOPLIST_FILE = Empleado/Info.plist;
				LD_RUNPATH_SEARCH_PATHS = (
					"$(inherited)",
					"@executable_path/Frameworks",
				);
				PRODUCT_BUNDLE_IDENTIFIER = iam.Empleado;
				PRODUCT_NAME = "$(TARGET_NAME)";
				SWIFT_VERSION = 5.0;
				TARGETED_DEVICE_FAMILY = 1;
			};
			name = Release;
		};
/* End XCBuildConfiguration section */

/* Begin XCConfigurationList section */
		37B50C752717154300C26E40 /* Build configuration list for PBXProject "Empleado" */ = {
			isa = XCConfigurationList;
			buildConfigurations = (
				37B50C8C2717154400C26E40 /* Debug */,
				37B50C8D2717154400C26E40 /* Release */,
			);
			defaultConfigurationIsVisible = 0;
			defaultConfigurationName = Release;
		};
		37B50C8E2717154400C26E40 /* Build configuration list for PBXNativeTarget "Empleado" */ = {
			isa = XCConfigurationList;
			buildConfigurations = (
				37B50C8F2717154400C26E40 /* Debug */,
				37B50C902717154400C26E40 /* Release */,
			);
			defaultConfigurationIsVisible = 0;
			defaultConfigurationName = Release;
		};
/* End XCConfigurationList section */
	};
	rootObject = 37B50C722717154300C26E40 /* Project object */;
}
